
Microsoft Visual Studio Solution File, Format Version 12.00
# Visual Studio Version 17
VisualStudioVersion = 17.13.35818.85 d17.13
MinimumVisualStudioVersion = 10.0.40219.1
Project("{FAE04EC0-301F-11D3-BF4B-00C04F79EFBC}") = "GoodPraDog", "GoodPraDog\GoodPraDog.csproj", "{9DD88940-4E33-4E4B-842C-34103A341F4B}"
EndProject
Global
	GlobalSection(SolutionConfigurationPlatforms) = preSolution
		Debug|Any CPU = Debug|Any CPU
		Release|Any CPU = Release|Any CPU
	EndGlobalSection
	GlobalSection(ProjectConfigurationPlatforms) = postSolution
		{9DD88940-4E33-4E4B-842C-34103A341F4B}.Debug|Any CPU.ActiveCfg = Debug|Any CPU
		{9DD88940-4E33-4E4B-842C-34103A341F4B}.Debug|Any CPU.Build.0 = Debug|Any CPU
		{9DD88940-4E33-4E4B-842C-34103A341F4B}.Release|Any CPU.ActiveCfg = Release|Any CPU
		{9DD88940-4E33-4E4B-842C-34103A341F4B}.Release|Any CPU.Build.0 = Release|Any CPU
	EndGlobalSection
	GlobalSection(SolutionProperties) = preSolution
		HideSolutionNode = FALSE
	EndGlobalSection
	GlobalSection(ExtensibilityGlobals) = postSolution
		SolutionGuid = {818963D1-64F3-40AC-9ADE-2EC35E336B99}
	EndGlobalSection
EndGlobal
